
Microsoft Visual Studio Solution File, Format Version 12.00
# Visual Studio Version 17
VisualStudioVersion = 17.13.35818.85 d17.13
MinimumVisualStudioVersion = 10.0.40219.1
Project("{2150E333-8FDC-42A3-9474-1A3956D46DE8}") = "Common", "Common", "{02EA681E-C7D8-13C7-8484-4AC65E1B71E8}"
EndProject
Project("{2150E333-8FDC-42A3-9474-1A3956D46DE8}") = "Doc", "Doc", "{A3C5E3F7-A511-427E-8855-25279FB14E92}"
EndProject
Project("{2150E333-8FDC-42A3-9474-1A3956D46DE8}") = "Src", "Src", "{68FF1A93-95F0-4E79-9548-2161F30F16E4}"
EndProject
Project("{2150E333-8FDC-42A3-9474-1A3956D46DE8}") = "Test", "Test", "{6C44E611-7F26-45DE-ABFE-A8FDC64BFAF4}"
EndProject
Project("{2150E333-8FDC-42A3-9474-1A3956D46DE8}") = "Core", "Core", "{C3512984-92B1-4CF3-BF78-0DB91B3D9E0B}"
EndProject
Project("{2150E333-8FDC-42A3-9474-1A3956D46DE8}") = "Infrastructure", "Infrastructure", "{55907FB6-60F0-4393-824C-FE364924C624}"
EndProject
Project("{2150E333-8FDC-42A3-9474-1A3956D46DE8}") = "presentation", "presentation", "{A7343BC2-A40A-4D8C-8E9E-D1E8CA5CEE56}"
EndProject
Project("{FAE04EC0-301F-11D3-BF4B-00C04F79EFBC}") = "ApexStore.Common", "ApexStore.Common\ApexStore.Common.csproj", "{5966584F-4262-4905-8172-D57AB28D4F77}"
EndProject
Project("{FAE04EC0-301F-11D3-BF4B-00C04F79EFBC}") = "ApexStore.Application", "Apexstore.Application\ApexStore.Application.csproj", "{146E0DB7-4F6D-414E-8B29-7D2169C6EB56}"
EndProject
Project("{FAE04EC0-301F-11D3-BF4B-00C04F79EFBC}") = "ApexStore.Domain", "ApexStore.Domain\ApexStore.Domain.csproj", "{71BCAC7C-E313-42B7-B576-68773A7F22BA}"
EndProject
Project("{FAE04EC0-301F-11D3-BF4B-00C04F79EFBC}") = "ApexStore.Infrastructure", "ApexStore.Infrastructure\ApexStore.Infrastructure.csproj", "{80876B48-EEBA-4D78-8FD8-FF179EDB6D8E}"
EndProject
Project("{FAE04EC0-301F-11D3-BF4B-00C04F79EFBC}") = "ApexStore.Persistence", "ApexStore.Persistence\ApexStore.Persistence.csproj", "{2AA2B308-3800-4A29-9754-ABA3BB321A8D}"
EndProject
Project("{FAE04EC0-301F-11D3-BF4B-00C04F79EFBC}") = "Store.Site", "Store.Site\Store.Site.csproj", "{A526C6AD-B20A-4634-B588-66A7557C3C80}"
EndProject
Global
	GlobalSection(SolutionConfigurationPlatforms) = preSolution
		Debug|Any CPU = Debug|Any CPU
		Release|Any CPU = Release|Any CPU
	EndGlobalSection
	GlobalSection(ProjectConfigurationPlatforms) = postSolution
		{5966584F-4262-4905-8172-D57AB28D4F77}.Debug|Any CPU.ActiveCfg = Debug|Any CPU
		{5966584F-4262-4905-8172-D57AB28D4F77}.Debug|Any CPU.Build.0 = Debug|Any CPU
		{5966584F-4262-4905-8172-D57AB28D4F77}.Release|Any CPU.ActiveCfg = Release|Any CPU
		{5966584F-4262-4905-8172-D57AB28D4F77}.Release|Any CPU.Build.0 = Release|Any CPU
		{146E0DB7-4F6D-414E-8B29-7D2169C6EB56}.Debug|Any CPU.ActiveCfg = Debug|Any CPU
		{146E0DB7-4F6D-414E-8B29-7D2169C6EB56}.Debug|Any CPU.Build.0 = Debug|Any CPU
		{146E0DB7-4F6D-414E-8B29-7D2169C6EB56}.Release|Any CPU.ActiveCfg = Release|Any CPU
		{146E0DB7-4F6D-414E-8B29-7D2169C6EB56}.Release|Any CPU.Build.0 = Release|Any CPU
		{71BCAC7C-E313-42B7-B576-68773A7F22BA}.Debug|Any CPU.ActiveCfg = Debug|Any CPU
		{71BCAC7C-E313-42B7-B576-68773A7F22BA}.Debug|Any CPU.Build.0 = Debug|Any CPU
		{71BCAC7C-E313-42B7-B576-68773A7F22BA}.Release|Any CPU.ActiveCfg = Release|Any CPU
		{71BCAC7C-E313-42B7-B576-68773A7F22BA}.Release|Any CPU.Build.0 = Release|Any CPU
		{80876B48-EEBA-4D78-8FD8-FF179EDB6D8E}.Debug|Any CPU.ActiveCfg = Debug|Any CPU
		{80876B48-EEBA-4D78-8FD8-FF179EDB6D8E}.Debug|Any CPU.Build.0 = Debug|Any CPU
		{80876B48-EEBA-4D78-8FD8-FF179EDB6D8E}.Release|Any CPU.ActiveCfg = Release|Any CPU
		{80876B48-EEBA-4D78-8FD8-FF179EDB6D8E}.Release|Any CPU.Build.0 = Release|Any CPU
		{2AA2B308-3800-4A29-9754-ABA3BB321A8D}.Debug|Any CPU.ActiveCfg = Debug|Any CPU
		{2AA2B308-3800-4A29-9754-ABA3BB321A8D}.Debug|Any CPU.Build.0 = Debug|Any CPU
		{2AA2B308-3800-4A29-9754-ABA3BB321A8D}.Release|Any CPU.ActiveCfg = Release|Any CPU
		{2AA2B308-3800-4A29-9754-ABA3BB321A8D}.Release|Any CPU.Build.0 = Release|Any CPU
		{A526C6AD-B20A-4634-B588-66A7557C3C80}.Debug|Any CPU.ActiveCfg = Debug|Any CPU
		{A526C6AD-B20A-4634-B588-66A7557C3C80}.Debug|Any CPU.Build.0 = Debug|Any CPU
		{A526C6AD-B20A-4634-B588-66A7557C3C80}.Release|Any CPU.ActiveCfg = Release|Any CPU
		{A526C6AD-B20A-4634-B588-66A7557C3C80}.Release|Any CPU.Build.0 = Release|Any CPU
	EndGlobalSection
	GlobalSection(SolutionProperties) = preSolution
		HideSolutionNode = FALSE
	EndGlobalSection
	GlobalSection(NestedProjects) = preSolution
		{02EA681E-C7D8-13C7-8484-4AC65E1B71E8} = {68FF1A93-95F0-4E79-9548-2161F30F16E4}
		{C3512984-92B1-4CF3-BF78-0DB91B3D9E0B} = {68FF1A93-95F0-4E79-9548-2161F30F16E4}
		{55907FB6-60F0-4393-824C-FE364924C624} = {68FF1A93-95F0-4E79-9548-2161F30F16E4}
		{A7343BC2-A40A-4D8C-8E9E-D1E8CA5CEE56} = {68FF1A93-95F0-4E79-9548-2161F30F16E4}
		{5966584F-4262-4905-8172-D57AB28D4F77} = {02EA681E-C7D8-13C7-8484-4AC65E1B71E8}
		{146E0DB7-4F6D-414E-8B29-7D2169C6EB56} = {C3512984-92B1-4CF3-BF78-0DB91B3D9E0B}
		{71BCAC7C-E313-42B7-B576-68773A7F22BA} = {C3512984-92B1-4CF3-BF78-0DB91B3D9E0B}
		{80876B48-EEBA-4D78-8FD8-FF179EDB6D8E} = {55907FB6-60F0-4393-824C-FE364924C624}
		{2AA2B308-3800-4A29-9754-ABA3BB321A8D} = {55907FB6-60F0-4393-824C-FE364924C624}
		{A526C6AD-B20A-4634-B588-66A7557C3C80} = {A7343BC2-A40A-4D8C-8E9E-D1E8CA5CEE56}
	EndGlobalSection
	GlobalSection(ExtensibilityGlobals) = postSolution
		SolutionGuid = {A797B56E-63AE-4C89-B8E8-EB814F44E1FD}
	EndGlobalSection
EndGlobal
